
Microsoft Visual Studio Solution File, Format Version 12.00
Project("{FAE04EC0-301F-11D3-BF4B-00C04F79EFBC}") = "Api", "Api\Api.csproj", "{C8FA67C9-5402-4608-BAC8-6AB917179417}"
EndProject
Project("{2150E333-8FDC-42A3-9474-1A3956D46DE8}") = "Items", "Items", "{A52F7BA4-C566-4556-82BD-D3CB8E2B00F4}"
	ProjectSection(SolutionItems) = preProject
		docker-compose.yml = docker-compose.yml
		.gitignore = .gitignore
	EndProjectSection
EndProject
Global
	GlobalSection(SolutionConfigurationPlatforms) = preSolution
		Debug|Any CPU = Debug|Any CPU
		Release|Any CPU = Release|Any CPU
	EndGlobalSection
	GlobalSection(ProjectConfigurationPlatforms) = postSolution
		{C8FA67C9-5402-4608-BAC8-6AB917179417}.Debug|Any CPU.ActiveCfg = Debug|Any CPU
		{C8FA67C9-5402-4608-BAC8-6AB917179417}.Debug|Any CPU.Build.0 = Debug|Any CPU
		{C8FA67C9-5402-4608-BAC8-6AB917179417}.Release|Any CPU.ActiveCfg = Release|Any CPU
		{C8FA67C9-5402-4608-BAC8-6AB917179417}.Release|Any CPU.Build.0 = Release|Any CPU
	EndGlobalSection
EndGlobal
